
Microsoft Visual Studio Solution File, Format Version 12.00
# Visual Studio Version 17
VisualStudioVersion = 17.9.34714.143
MinimumVisualStudioVersion = 10.0.40219.1
Project("{2150E333-8FDC-42A3-9474-1A3956D46DE8}") = "Signing Key", "Signing Key", "{3B54E767-4CF1-4ABA-B930-2A823F6E8C7D}"
	ProjectSection(SolutionItems) = preProject
		src\SigningKey\WebFormsCore.PublicKey = src\SigningKey\WebFormsCore.PublicKey
		src\SigningKey\WebFormsCore.PublicKey.txt = src\SigningKey\WebFormsCore.PublicKey.txt
		src\SigningKey\WebFormsCore.snk = src\SigningKey\WebFormsCore.snk
	EndProjectSection
EndProject
Project("{9A19103F-16F7-4668-BE54-9A1E7A4F7556}") = "WebFormsCore.Web", "src\WebFormsCore.Web\WebFormsCore.Web.csproj", "{0FC2CE4E-3B61-463B-8889-34E308754FA7}"
EndProject
Project("{9A19103F-16F7-4668-BE54-9A1E7A4F7556}") = "WebFormsCore.Configuration", "src\WebFormsCore.Configuration\WebFormsCore.Configuration.csproj", "{7ADDE066-67CC-464F-A10B-FE1C807CE303}"
EndProject
Project("{9A19103F-16F7-4668-BE54-9A1E7A4F7556}") = "WebFormsCore.Web.ApplicationServices", "src\WebFormsCore.Web.ApplicationServices\WebFormsCore.Web.ApplicationServices.csproj", "{A6AC20BB-87ED-4AE1-BE83-20A4116620D4}"
EndProject
Project("{9A19103F-16F7-4668-BE54-9A1E7A4F7556}") = "WebFormsCore.Web.RegularExpressions", "src\WebFormsCore.Web.RegularExpressions\WebFormsCore.Web.RegularExpressions.csproj", "{81A9D4C1-0682-4DBD-8621-C7651EA96B81}"
EndProject
Project("{9A19103F-16F7-4668-BE54-9A1E7A4F7556}") = "WebFormsCore.Web.Services", "src\WebFormsCore.Web.Services\WebFormsCore.Web.Services.csproj", "{67A6ABF6-1756-42AB-B343-D8F38EFE433D}"
EndProject
Project("{9A19103F-16F7-4668-BE54-9A1E7A4F7556}") = "WebFormsCore.Serialization.Formatters", "src\WebFormsCore.Serialization.Formatters\WebFormsCore.Serialization.Formatters.csproj", "{39F3145C-2672-46DA-BEB9-CCC97D10E2C7}"
EndProject
Project("{FAE04EC0-301F-11D3-BF4B-00C04F79EFBC}") = "CassiniDev.Lib4", "src\CassiniDev\source code\CassiniDev\CassiniDev.Lib4.csproj", "{070AE36D-4CE1-4708-BD0F-2896A6F117FC}"
EndProject
Project("{9A19103F-16F7-4668-BE54-9A1E7A4F7556}") = "WebFormsCore.WebFormsCoreTestApp", "src\WebFormsCore.WebFormsTestApp\WebFormsCore.WebFormsCoreTestApp.csproj", "{5677D31A-EE0A-4954-8913-97A844550666}"
EndProject
Project("{FAE04EC0-301F-11D3-BF4B-00C04F79EFBC}") = "CassiniDev.Console4", "src\CassiniDev\source code\CassiniDev\CassiniDev.Console4.csproj", "{539F0304-F14A-413F-A56A-AFB7724EA1A7}"
EndProject
Global
	GlobalSection(SolutionConfigurationPlatforms) = preSolution
		Debug|Any CPU = Debug|Any CPU
		Debug|x64 = Debug|x64
		Debug|x86 = Debug|x86
		Release|Any CPU = Release|Any CPU
		Release|x64 = Release|x64
		Release|x86 = Release|x86
	EndGlobalSection
	GlobalSection(ProjectConfigurationPlatforms) = postSolution
		{0FC2CE4E-3B61-463B-8889-34E308754FA7}.Debug|Any CPU.ActiveCfg = Debug|Any CPU
		{0FC2CE4E-3B61-463B-8889-34E308754FA7}.Debug|Any CPU.Build.0 = Debug|Any CPU
		{0FC2CE4E-3B61-463B-8889-34E308754FA7}.Debug|x64.ActiveCfg = Debug|Any CPU
		{0FC2CE4E-3B61-463B-8889-34E308754FA7}.Debug|x64.Build.0 = Debug|Any CPU
		{0FC2CE4E-3B61-463B-8889-34E308754FA7}.Debug|x86.ActiveCfg = Debug|Any CPU
		{0FC2CE4E-3B61-463B-8889-34E308754FA7}.Debug|x86.Build.0 = Debug|Any CPU
		{0FC2CE4E-3B61-463B-8889-34E308754FA7}.Release|Any CPU.ActiveCfg = Release|Any CPU
		{0FC2CE4E-3B61-463B-8889-34E308754FA7}.Release|Any CPU.Build.0 = Release|Any CPU
		{0FC2CE4E-3B61-463B-8889-34E308754FA7}.Release|x64.ActiveCfg = Release|Any CPU
		{0FC2CE4E-3B61-463B-8889-34E308754FA7}.Release|x64.Build.0 = Release|Any CPU
		{0FC2CE4E-3B61-463B-8889-34E308754FA7}.Release|x86.ActiveCfg = Release|Any CPU
		{0FC2CE4E-3B61-463B-8889-34E308754FA7}.Release|x86.Build.0 = Release|Any CPU
		{7ADDE066-67CC-464F-A10B-FE1C807CE303}.Debug|Any CPU.ActiveCfg = Debug|Any CPU
		{7ADDE066-67CC-464F-A10B-FE1C807CE303}.Debug|Any CPU.Build.0 = Debug|Any CPU
		{7ADDE066-67CC-464F-A10B-FE1C807CE303}.Debug|x64.ActiveCfg = Debug|Any CPU
		{7ADDE066-67CC-464F-A10B-FE1C807CE303}.Debug|x64.Build.0 = Debug|Any CPU
		{7ADDE066-67CC-464F-A10B-FE1C807CE303}.Debug|x86.ActiveCfg = Debug|Any CPU
		{7ADDE066-67CC-464F-A10B-FE1C807CE303}.Debug|x86.Build.0 = Debug|Any CPU
		{7ADDE066-67CC-464F-A10B-FE1C807CE303}.Release|Any CPU.ActiveCfg = Release|Any CPU
		{7ADDE066-67CC-464F-A10B-FE1C807CE303}.Release|Any CPU.Build.0 = Release|Any CPU
		{7ADDE066-67CC-464F-A10B-FE1C807CE303}.Release|x64.ActiveCfg = Release|Any CPU
		{7ADDE066-67CC-464F-A10B-FE1C807CE303}.Release|x64.Build.0 = Release|Any CPU
		{7ADDE066-67CC-464F-A10B-FE1C807CE303}.Release|x86.ActiveCfg = Release|Any CPU
		{7ADDE066-67CC-464F-A10B-FE1C807CE303}.Release|x86.Build.0 = Release|Any CPU
		{A6AC20BB-87ED-4AE1-BE83-20A4116620D4}.Debug|Any CPU.ActiveCfg = Debug|Any CPU
		{A6AC20BB-87ED-4AE1-BE83-20A4116620D4}.Debug|Any CPU.Build.0 = Debug|Any CPU
		{A6AC20BB-87ED-4AE1-BE83-20A4116620D4}.Debug|x64.ActiveCfg = Debug|Any CPU
		{A6AC20BB-87ED-4AE1-BE83-20A4116620D4}.Debug|x64.Build.0 = Debug|Any CPU
		{A6AC20BB-87ED-4AE1-BE83-20A4116620D4}.Debug|x86.ActiveCfg = Debug|Any CPU
		{A6AC20BB-87ED-4AE1-BE83-20A4116620D4}.Debug|x86.Build.0 = Debug|Any CPU
		{A6AC20BB-87ED-4AE1-BE83-20A4116620D4}.Release|Any CPU.ActiveCfg = Release|Any CPU
		{A6AC20BB-87ED-4AE1-BE83-20A4116620D4}.Release|Any CPU.Build.0 = Release|Any CPU
		{A6AC20BB-87ED-4AE1-BE83-20A4116620D4}.Release|x64.ActiveCfg = Release|Any CPU
		{A6AC20BB-87ED-4AE1-BE83-20A4116620D4}.Release|x64.Build.0 = Release|Any CPU
		{A6AC20BB-87ED-4AE1-BE83-20A4116620D4}.Release|x86.ActiveCfg = Release|Any CPU
		{A6AC20BB-87ED-4AE1-BE83-20A4116620D4}.Release|x86.Build.0 = Release|Any CPU
		{81A9D4C1-0682-4DBD-8621-C7651EA96B81}.Debug|Any CPU.ActiveCfg = Debug|Any CPU
		{81A9D4C1-0682-4DBD-8621-C7651EA96B81}.Debug|Any CPU.Build.0 = Debug|Any CPU
		{81A9D4C1-0682-4DBD-8621-C7651EA96B81}.Debug|x64.ActiveCfg = Debug|Any CPU
		{81A9D4C1-0682-4DBD-8621-C7651EA96B81}.Debug|x64.Build.0 = Debug|Any CPU
		{81A9D4C1-0682-4DBD-8621-C7651EA96B81}.Debug|x86.ActiveCfg = Debug|Any CPU
		{81A9D4C1-0682-4DBD-8621-C7651EA96B81}.Debug|x86.Build.0 = Debug|Any CPU
		{81A9D4C1-0682-4DBD-8621-C7651EA96B81}.Release|Any CPU.ActiveCfg = Release|Any CPU
		{81A9D4C1-0682-4DBD-8621-C7651EA96B81}.Release|Any CPU.Build.0 = Release|Any CPU
		{81A9D4C1-0682-4DBD-8621-C7651EA96B81}.Release|x64.ActiveCfg = Release|Any CPU
		{81A9D4C1-0682-4DBD-8621-C7651EA96B81}.Release|x64.Build.0 = Release|Any CPU
		{81A9D4C1-0682-4DBD-8621-C7651EA96B81}.Release|x86.ActiveCfg = Release|Any CPU
		{81A9D4C1-0682-4DBD-8621-C7651EA96B81}.Release|x86.Build.0 = Release|Any CPU
		{67A6ABF6-1756-42AB-B343-D8F38EFE433D}.Debug|Any CPU.ActiveCfg = Debug|Any CPU
		{67A6ABF6-1756-42AB-B343-D8F38EFE433D}.Debug|Any CPU.Build.0 = Debug|Any CPU
		{67A6ABF6-1756-42AB-B343-D8F38EFE433D}.Debug|x64.ActiveCfg = Debug|Any CPU
		{67A6ABF6-1756-42AB-B343-D8F38EFE433D}.Debug|x64.Build.0 = Debug|Any CPU
		{67A6ABF6-1756-42AB-B343-D8F38EFE433D}.Debug|x86.ActiveCfg = Debug|Any CPU
		{67A6ABF6-1756-42AB-B343-D8F38EFE433D}.Debug|x86.Build.0 = Debug|Any CPU
		{67A6ABF6-1756-42AB-B343-D8F38EFE433D}.Release|Any CPU.ActiveCfg = Release|Any CPU
		{67A6ABF6-1756-42AB-B343-D8F38EFE433D}.Release|Any CPU.Build.0 = Release|Any CPU
		{67A6ABF6-1756-42AB-B343-D8F38EFE433D}.Release|x64.ActiveCfg = Release|Any CPU
		{67A6ABF6-1756-42AB-B343-D8F38EFE433D}.Release|x64.Build.0 = Release|Any CPU
		{67A6ABF6-1756-42AB-B343-D8F38EFE433D}.Release|x86.ActiveCfg = Release|Any CPU
		{67A6ABF6-1756-42AB-B343-D8F38EFE433D}.Release|x86.Build.0 = Release|Any CPU
		{39F3145C-2672-46DA-BEB9-CCC97D10E2C7}.Debug|Any CPU.ActiveCfg = Debug|Any CPU
		{39F3145C-2672-46DA-BEB9-CCC97D10E2C7}.Debug|Any CPU.Build.0 = Debug|Any CPU
		{39F3145C-2672-46DA-BEB9-CCC97D10E2C7}.Debug|x64.ActiveCfg = Debug|Any CPU
		{39F3145C-2672-46DA-BEB9-CCC97D10E2C7}.Debug|x64.Build.0 = Debug|Any CPU
		{39F3145C-2672-46DA-BEB9-CCC97D10E2C7}.Debug|x86.ActiveCfg = Debug|Any CPU
		{39F3145C-2672-46DA-BEB9-CCC97D10E2C7}.Debug|x86.Build.0 = Debug|Any CPU
		{39F3145C-2672-46DA-BEB9-CCC97D10E2C7}.Release|Any CPU.ActiveCfg = Release|Any CPU
		{39F3145C-2672-46DA-BEB9-CCC97D10E2C7}.Release|Any CPU.Build.0 = Release|Any CPU
		{39F3145C-2672-46DA-BEB9-CCC97D10E2C7}.Release|x64.ActiveCfg = Release|Any CPU
		{39F3145C-2672-46DA-BEB9-CCC97D10E2C7}.Release|x64.Build.0 = Release|Any CPU
		{39F3145C-2672-46DA-BEB9-CCC97D10E2C7}.Release|x86.ActiveCfg = Release|Any CPU
		{39F3145C-2672-46DA-BEB9-CCC97D10E2C7}.Release|x86.Build.0 = Release|Any CPU
		{070AE36D-4CE1-4708-BD0F-2896A6F117FC}.Debug|Any CPU.ActiveCfg = Debug|x64
		{070AE36D-4CE1-4708-BD0F-2896A6F117FC}.Debug|Any CPU.Build.0 = Debug|x64
		{070AE36D-4CE1-4708-BD0F-2896A6F117FC}.Debug|x64.ActiveCfg = Debug|x64
		{070AE36D-4CE1-4708-BD0F-2896A6F117FC}.Debug|x64.Build.0 = Debug|x64
		{070AE36D-4CE1-4708-BD0F-2896A6F117FC}.Debug|x86.ActiveCfg = Debug|x86
		{070AE36D-4CE1-4708-BD0F-2896A6F117FC}.Debug|x86.Build.0 = Debug|x86
		{070AE36D-4CE1-4708-BD0F-2896A6F117FC}.Release|Any CPU.ActiveCfg = Release|x64
		{070AE36D-4CE1-4708-BD0F-2896A6F117FC}.Release|Any CPU.Build.0 = Release|x64
		{070AE36D-4CE1-4708-BD0F-2896A6F117FC}.Release|x64.ActiveCfg = Release|x64
		{070AE36D-4CE1-4708-BD0F-2896A6F117FC}.Release|x64.Build.0 = Release|x64
		{070AE36D-4CE1-4708-BD0F-2896A6F117FC}.Release|x86.ActiveCfg = Release|x86
		{070AE36D-4CE1-4708-BD0F-2896A6F117FC}.Release|x86.Build.0 = Release|x86
		{5677D31A-EE0A-4954-8913-97A844550666}.Debug|Any CPU.ActiveCfg = Debug|Any CPU
		{5677D31A-EE0A-4954-8913-97A844550666}.Debug|Any CPU.Build.0 = Debug|Any CPU
		{5677D31A-EE0A-4954-8913-97A844550666}.Debug|x64.ActiveCfg = Debug|Any CPU
		{5677D31A-EE0A-4954-8913-97A844550666}.Debug|x64.Build.0 = Debug|Any CPU
		{5677D31A-EE0A-4954-8913-97A844550666}.Debug|x86.ActiveCfg = Debug|Any CPU
		{5677D31A-EE0A-4954-8913-97A844550666}.Debug|x86.Build.0 = Debug|Any CPU
		{5677D31A-EE0A-4954-8913-97A844550666}.Release|Any CPU.ActiveCfg = Release|Any CPU
		{5677D31A-EE0A-4954-8913-97A844550666}.Release|Any CPU.Build.0 = Release|Any CPU
		{5677D31A-EE0A-4954-8913-97A844550666}.Release|x64.ActiveCfg = Release|Any CPU
		{5677D31A-EE0A-4954-8913-97A844550666}.Release|x64.Build.0 = Release|Any CPU
		{5677D31A-EE0A-4954-8913-97A844550666}.Release|x86.ActiveCfg = Release|Any CPU
		{5677D31A-EE0A-4954-8913-97A844550666}.Release|x86.Build.0 = Release|Any CPU
		{539F0304-F14A-413F-A56A-AFB7724EA1A7}.Debug|Any CPU.ActiveCfg = Debug|x64
		{539F0304-F14A-413F-A56A-AFB7724EA1A7}.Debug|Any CPU.Build.0 = Debug|x64
		{539F0304-F14A-413F-A56A-AFB7724EA1A7}.Debug|x64.ActiveCfg = Debug|x64
		{539F0304-F14A-413F-A56A-AFB7724EA1A7}.Debug|x64.Build.0 = Debug|x64
		{539F0304-F14A-413F-A56A-AFB7724EA1A7}.Debug|x86.ActiveCfg = Debug|x86
		{539F0304-F14A-413F-A56A-AFB7724EA1A7}.Debug|x86.Build.0 = Debug|x86
		{539F0304-F14A-413F-A56A-AFB7724EA1A7}.Release|Any CPU.ActiveCfg = Release|x64
		{539F0304-F14A-413F-A56A-AFB7724EA1A7}.Release|Any CPU.Build.0 = Release|x64
		{539F0304-F14A-413F-A56A-AFB7724EA1A7}.Release|x64.ActiveCfg = Release|x64
		{539F0304-F14A-413F-A56A-AFB7724EA1A7}.Release|x64.Build.0 = Release|x64
		{539F0304-F14A-413F-A56A-AFB7724EA1A7}.Release|x86.ActiveCfg = Release|x86
		{539F0304-F14A-413F-A56A-AFB7724EA1A7}.Release|x86.Build.0 = Release|x86
	EndGlobalSection
	GlobalSection(SolutionProperties) = preSolution
		HideSolutionNode = FALSE
	EndGlobalSection
	GlobalSection(ExtensibilityGlobals) = postSolution
		SolutionGuid = {CD179075-A6A4-438E-97CD-691A12568DED}
	EndGlobalSection
EndGlobal
