
Microsoft Visual Studio Solution File, Format Version 12.00
# Visual Studio Version 17
VisualStudioVersion = 17.9.34714.143
MinimumVisualStudioVersion = 10.0.40219.1
Project("{2150E333-8FDC-42A3-9474-1A3956D46DE8}") = "Signing Key", "Signing Key", "{3B54E767-4CF1-4ABA-B930-2A823F6E8C7D}"
	ProjectSection(SolutionItems) = preProject
		src\SigningKey\WebFormsForCore.PublicKey = src\SigningKey\WebFormsForCore.PublicKey
		src\SigningKey\WebFormsForCore.PublicKey.txt = src\SigningKey\WebFormsForCore.PublicKey.txt
		src\SigningKey\WebFormsForCore.snk = src\SigningKey\WebFormsForCore.snk
	EndProjectSection
EndProject
Project("{9A19103F-16F7-4668-BE54-9A1E7A4F7556}") = "WebFormsForCore.Web", "src\WebFormsForCore.Web\WebFormsForCore.Web.csproj", "{0FC2CE4E-3B61-463B-8889-34E308754FA7}"
	ProjectSection(ProjectDependencies) = postProject
		{29FAEAAA-157D-43C5-A1AA-6C26CA56F69A} = {29FAEAAA-157D-43C5-A1AA-6C26CA56F69A}
	EndProjectSection
EndProject
Project("{9A19103F-16F7-4668-BE54-9A1E7A4F7556}") = "WebFormsForCore.Configuration", "src\WebFormsForCore.Configuration\WebFormsForCore.Configuration.csproj", "{7ADDE066-67CC-464F-A10B-FE1C807CE303}"
	ProjectSection(ProjectDependencies) = postProject
		{29FAEAAA-157D-43C5-A1AA-6C26CA56F69A} = {29FAEAAA-157D-43C5-A1AA-6C26CA56F69A}
	EndProjectSection
EndProject
Project("{9A19103F-16F7-4668-BE54-9A1E7A4F7556}") = "WebFormsForCore.Web.ApplicationServices", "src\WebFormsForCore.Web.ApplicationServices\WebFormsForCore.Web.ApplicationServices.csproj", "{A6AC20BB-87ED-4AE1-BE83-20A4116620D4}"
	ProjectSection(ProjectDependencies) = postProject
		{29FAEAAA-157D-43C5-A1AA-6C26CA56F69A} = {29FAEAAA-157D-43C5-A1AA-6C26CA56F69A}
	EndProjectSection
EndProject
Project("{9A19103F-16F7-4668-BE54-9A1E7A4F7556}") = "WebFormsForCore.Web.RegularExpressions", "src\WebFormsForCore.Web.RegularExpressions\WebFormsForCore.Web.RegularExpressions.csproj", "{81A9D4C1-0682-4DBD-8621-C7651EA96B81}"
	ProjectSection(ProjectDependencies) = postProject
		{29FAEAAA-157D-43C5-A1AA-6C26CA56F69A} = {29FAEAAA-157D-43C5-A1AA-6C26CA56F69A}
	EndProjectSection
EndProject
Project("{9A19103F-16F7-4668-BE54-9A1E7A4F7556}") = "WebFormsForCore.Web.Services", "src\WebFormsForCore.Web.Services\WebFormsForCore.Web.Services.csproj", "{67A6ABF6-1756-42AB-B343-D8F38EFE433D}"
	ProjectSection(ProjectDependencies) = postProject
		{29FAEAAA-157D-43C5-A1AA-6C26CA56F69A} = {29FAEAAA-157D-43C5-A1AA-6C26CA56F69A}
	EndProjectSection
EndProject
Project("{9A19103F-16F7-4668-BE54-9A1E7A4F7556}") = "WebFormsForCore.Serialization.Formatters", "src\WebFormsForCore.Serialization.Formatters\WebFormsForCore.Serialization.Formatters.csproj", "{39F3145C-2672-46DA-BEB9-CCC97D10E2C7}"
EndProject
Project("{9A19103F-16F7-4668-BE54-9A1E7A4F7556}") = "WebFormsForCore.Build", "src\WebFormsForCore.Build\WebFormsForCore.Build.csproj", "{29FAEAAA-157D-43C5-A1AA-6C26CA56F69A}"
EndProject
Project("{2150E333-8FDC-42A3-9474-1A3956D46DE8}") = "Solution Items", "Solution Items", "{4D256F77-E935-45F1-93EA-EE01BEC2B8BA}"
	ProjectSection(SolutionItems) = preProject
		.gitignore = .gitignore
		CreatePackages.bat = CreatePackages.bat
		README.md = README.md
	EndProjectSection
EndProject
Project("{9A19103F-16F7-4668-BE54-9A1E7A4F7556}") = "WebFormsForCore.Web.Extensions", "src\WebFormsForCore.Web.Extensions\WebFormsForCore.Web.Extensions.csproj", "{E9D0BAC0-C7DC-4412-B332-ED0CBA64D170}"
EndProject
Project("{9A19103F-16F7-4668-BE54-9A1E7A4F7556}") = "WebFormsForCore.TestApp", "src\WebFormsForCore.TestApp\WebFormsForCore.TestApp.csproj", "{B4E7CBD6-8EB7-4BD9-B90D-3EE146436848}"
EndProject
Project("{9A19103F-16F7-4668-BE54-9A1E7A4F7556}") = "WebFormsForCore.Web.Optimization", "src\WebFormsForCore.Web.Optimization\WebFormsForCore.Web.Optimization.csproj", "{A9A0CBBC-D668-44D0-AF11-27FEF898D8F2}"
EndProject
Project("{9A19103F-16F7-4668-BE54-9A1E7A4F7556}") = "WebFormsForCore.WebGrease", "src\WebFormsForCore.WebGrease\WebFormsForCore.WebGrease.csproj", "{B30618C1-864F-44AA-8D00-D3AC4F7B3506}"
EndProject
Project("{9A19103F-16F7-4668-BE54-9A1E7A4F7556}") = "WebFormsForCore.Web.Optimization.WebForms", "src\WebFormsForCore.Web.Optimization.WebForms\WebFormsForCore.Web.Optimization.WebForms.csproj", "{459C184B-6598-486D-AE1B-9614DC6C658F}"
EndProject
Project("{9A19103F-16F7-4668-BE54-9A1E7A4F7556}") = "WebFormsForCore.Web.Infrastructure", "src\WebFormsForCore.Web.Infrastructure\WebFormsForCore.Web.Infrastructure.csproj", "{D12012F2-55A8-4F5A-92EE-2F2724F7F9EC}"
EndProject
Project("{FAE04EC0-301F-11D3-BF4B-00C04F79EFBC}") = "WebFormsForCore.Drawing", "src\WebFormsForCore.Drawing\WebFormsForCore.Drawing.csproj", "{3B2D70EA-C80F-4E5A-B594-4C18AD5C5921}"
EndProject
Global
	GlobalSection(SolutionConfigurationPlatforms) = preSolution
		Debug|Any CPU = Debug|Any CPU
		Debug|x64 = Debug|x64
		Debug|x86 = Debug|x86
		Release|Any CPU = Release|Any CPU
		Release|x64 = Release|x64
		Release|x86 = Release|x86
	EndGlobalSection
	GlobalSection(ProjectConfigurationPlatforms) = postSolution
		{0FC2CE4E-3B61-463B-8889-34E308754FA7}.Debug|Any CPU.ActiveCfg = Debug|Any CPU
		{0FC2CE4E-3B61-463B-8889-34E308754FA7}.Debug|Any CPU.Build.0 = Debug|Any CPU
		{0FC2CE4E-3B61-463B-8889-34E308754FA7}.Debug|x64.ActiveCfg = Debug|Any CPU
		{0FC2CE4E-3B61-463B-8889-34E308754FA7}.Debug|x64.Build.0 = Debug|Any CPU
		{0FC2CE4E-3B61-463B-8889-34E308754FA7}.Debug|x86.ActiveCfg = Debug|Any CPU
		{0FC2CE4E-3B61-463B-8889-34E308754FA7}.Debug|x86.Build.0 = Debug|Any CPU
		{0FC2CE4E-3B61-463B-8889-34E308754FA7}.Release|Any CPU.ActiveCfg = Release|Any CPU
		{0FC2CE4E-3B61-463B-8889-34E308754FA7}.Release|Any CPU.Build.0 = Release|Any CPU
		{0FC2CE4E-3B61-463B-8889-34E308754FA7}.Release|x64.ActiveCfg = Release|Any CPU
		{0FC2CE4E-3B61-463B-8889-34E308754FA7}.Release|x64.Build.0 = Release|Any CPU
		{0FC2CE4E-3B61-463B-8889-34E308754FA7}.Release|x86.ActiveCfg = Release|Any CPU
		{0FC2CE4E-3B61-463B-8889-34E308754FA7}.Release|x86.Build.0 = Release|Any CPU
		{7ADDE066-67CC-464F-A10B-FE1C807CE303}.Debug|Any CPU.ActiveCfg = Debug|Any CPU
		{7ADDE066-67CC-464F-A10B-FE1C807CE303}.Debug|Any CPU.Build.0 = Debug|Any CPU
		{7ADDE066-67CC-464F-A10B-FE1C807CE303}.Debug|x64.ActiveCfg = Debug|Any CPU
		{7ADDE066-67CC-464F-A10B-FE1C807CE303}.Debug|x64.Build.0 = Debug|Any CPU
		{7ADDE066-67CC-464F-A10B-FE1C807CE303}.Debug|x86.ActiveCfg = Debug|Any CPU
		{7ADDE066-67CC-464F-A10B-FE1C807CE303}.Debug|x86.Build.0 = Debug|Any CPU
		{7ADDE066-67CC-464F-A10B-FE1C807CE303}.Release|Any CPU.ActiveCfg = Release|Any CPU
		{7ADDE066-67CC-464F-A10B-FE1C807CE303}.Release|Any CPU.Build.0 = Release|Any CPU
		{7ADDE066-67CC-464F-A10B-FE1C807CE303}.Release|x64.ActiveCfg = Release|Any CPU
		{7ADDE066-67CC-464F-A10B-FE1C807CE303}.Release|x64.Build.0 = Release|Any CPU
		{7ADDE066-67CC-464F-A10B-FE1C807CE303}.Release|x86.ActiveCfg = Release|Any CPU
		{7ADDE066-67CC-464F-A10B-FE1C807CE303}.Release|x86.Build.0 = Release|Any CPU
		{A6AC20BB-87ED-4AE1-BE83-20A4116620D4}.Debug|Any CPU.ActiveCfg = Debug|Any CPU
		{A6AC20BB-87ED-4AE1-BE83-20A4116620D4}.Debug|Any CPU.Build.0 = Debug|Any CPU
		{A6AC20BB-87ED-4AE1-BE83-20A4116620D4}.Debug|x64.ActiveCfg = Debug|Any CPU
		{A6AC20BB-87ED-4AE1-BE83-20A4116620D4}.Debug|x64.Build.0 = Debug|Any CPU
		{A6AC20BB-87ED-4AE1-BE83-20A4116620D4}.Debug|x86.ActiveCfg = Debug|Any CPU
		{A6AC20BB-87ED-4AE1-BE83-20A4116620D4}.Debug|x86.Build.0 = Debug|Any CPU
		{A6AC20BB-87ED-4AE1-BE83-20A4116620D4}.Release|Any CPU.ActiveCfg = Release|Any CPU
		{A6AC20BB-87ED-4AE1-BE83-20A4116620D4}.Release|Any CPU.Build.0 = Release|Any CPU
		{A6AC20BB-87ED-4AE1-BE83-20A4116620D4}.Release|x64.ActiveCfg = Release|Any CPU
		{A6AC20BB-87ED-4AE1-BE83-20A4116620D4}.Release|x64.Build.0 = Release|Any CPU
		{A6AC20BB-87ED-4AE1-BE83-20A4116620D4}.Release|x86.ActiveCfg = Release|Any CPU
		{A6AC20BB-87ED-4AE1-BE83-20A4116620D4}.Release|x86.Build.0 = Release|Any CPU
		{81A9D4C1-0682-4DBD-8621-C7651EA96B81}.Debug|Any CPU.ActiveCfg = Debug|Any CPU
		{81A9D4C1-0682-4DBD-8621-C7651EA96B81}.Debug|Any CPU.Build.0 = Debug|Any CPU
		{81A9D4C1-0682-4DBD-8621-C7651EA96B81}.Debug|x64.ActiveCfg = Debug|Any CPU
		{81A9D4C1-0682-4DBD-8621-C7651EA96B81}.Debug|x64.Build.0 = Debug|Any CPU
		{81A9D4C1-0682-4DBD-8621-C7651EA96B81}.Debug|x86.ActiveCfg = Debug|Any CPU
		{81A9D4C1-0682-4DBD-8621-C7651EA96B81}.Debug|x86.Build.0 = Debug|Any CPU
		{81A9D4C1-0682-4DBD-8621-C7651EA96B81}.Release|Any CPU.ActiveCfg = Release|Any CPU
		{81A9D4C1-0682-4DBD-8621-C7651EA96B81}.Release|Any CPU.Build.0 = Release|Any CPU
		{81A9D4C1-0682-4DBD-8621-C7651EA96B81}.Release|x64.ActiveCfg = Release|Any CPU
		{81A9D4C1-0682-4DBD-8621-C7651EA96B81}.Release|x64.Build.0 = Release|Any CPU
		{81A9D4C1-0682-4DBD-8621-C7651EA96B81}.Release|x86.ActiveCfg = Release|Any CPU
		{81A9D4C1-0682-4DBD-8621-C7651EA96B81}.Release|x86.Build.0 = Release|Any CPU
		{67A6ABF6-1756-42AB-B343-D8F38EFE433D}.Debug|Any CPU.ActiveCfg = Debug|Any CPU
		{67A6ABF6-1756-42AB-B343-D8F38EFE433D}.Debug|Any CPU.Build.0 = Debug|Any CPU
		{67A6ABF6-1756-42AB-B343-D8F38EFE433D}.Debug|x64.ActiveCfg = Debug|Any CPU
		{67A6ABF6-1756-42AB-B343-D8F38EFE433D}.Debug|x64.Build.0 = Debug|Any CPU
		{67A6ABF6-1756-42AB-B343-D8F38EFE433D}.Debug|x86.ActiveCfg = Debug|Any CPU
		{67A6ABF6-1756-42AB-B343-D8F38EFE433D}.Debug|x86.Build.0 = Debug|Any CPU
		{67A6ABF6-1756-42AB-B343-D8F38EFE433D}.Release|Any CPU.ActiveCfg = Release|Any CPU
		{67A6ABF6-1756-42AB-B343-D8F38EFE433D}.Release|Any CPU.Build.0 = Release|Any CPU
		{67A6ABF6-1756-42AB-B343-D8F38EFE433D}.Release|x64.ActiveCfg = Release|Any CPU
		{67A6ABF6-1756-42AB-B343-D8F38EFE433D}.Release|x64.Build.0 = Release|Any CPU
		{67A6ABF6-1756-42AB-B343-D8F38EFE433D}.Release|x86.ActiveCfg = Release|Any CPU
		{67A6ABF6-1756-42AB-B343-D8F38EFE433D}.Release|x86.Build.0 = Release|Any CPU
		{39F3145C-2672-46DA-BEB9-CCC97D10E2C7}.Debug|Any CPU.ActiveCfg = Debug|Any CPU
		{39F3145C-2672-46DA-BEB9-CCC97D10E2C7}.Debug|Any CPU.Build.0 = Debug|Any CPU
		{39F3145C-2672-46DA-BEB9-CCC97D10E2C7}.Debug|x64.ActiveCfg = Debug|Any CPU
		{39F3145C-2672-46DA-BEB9-CCC97D10E2C7}.Debug|x64.Build.0 = Debug|Any CPU
		{39F3145C-2672-46DA-BEB9-CCC97D10E2C7}.Debug|x86.ActiveCfg = Debug|Any CPU
		{39F3145C-2672-46DA-BEB9-CCC97D10E2C7}.Debug|x86.Build.0 = Debug|Any CPU
		{39F3145C-2672-46DA-BEB9-CCC97D10E2C7}.Release|Any CPU.ActiveCfg = Release|Any CPU
		{39F3145C-2672-46DA-BEB9-CCC97D10E2C7}.Release|Any CPU.Build.0 = Release|Any CPU
		{39F3145C-2672-46DA-BEB9-CCC97D10E2C7}.Release|x64.ActiveCfg = Release|Any CPU
		{39F3145C-2672-46DA-BEB9-CCC97D10E2C7}.Release|x64.Build.0 = Release|Any CPU
		{39F3145C-2672-46DA-BEB9-CCC97D10E2C7}.Release|x86.ActiveCfg = Release|Any CPU
		{39F3145C-2672-46DA-BEB9-CCC97D10E2C7}.Release|x86.Build.0 = Release|Any CPU
		{29FAEAAA-157D-43C5-A1AA-6C26CA56F69A}.Debug|Any CPU.ActiveCfg = Debug|Any CPU
		{29FAEAAA-157D-43C5-A1AA-6C26CA56F69A}.Debug|Any CPU.Build.0 = Debug|Any CPU
		{29FAEAAA-157D-43C5-A1AA-6C26CA56F69A}.Debug|x64.ActiveCfg = Debug|Any CPU
		{29FAEAAA-157D-43C5-A1AA-6C26CA56F69A}.Debug|x64.Build.0 = Debug|Any CPU
		{29FAEAAA-157D-43C5-A1AA-6C26CA56F69A}.Debug|x86.ActiveCfg = Debug|Any CPU
		{29FAEAAA-157D-43C5-A1AA-6C26CA56F69A}.Debug|x86.Build.0 = Debug|Any CPU
		{29FAEAAA-157D-43C5-A1AA-6C26CA56F69A}.Release|Any CPU.ActiveCfg = Release|Any CPU
		{29FAEAAA-157D-43C5-A1AA-6C26CA56F69A}.Release|Any CPU.Build.0 = Release|Any CPU
		{29FAEAAA-157D-43C5-A1AA-6C26CA56F69A}.Release|x64.ActiveCfg = Release|Any CPU
		{29FAEAAA-157D-43C5-A1AA-6C26CA56F69A}.Release|x64.Build.0 = Release|Any CPU
		{29FAEAAA-157D-43C5-A1AA-6C26CA56F69A}.Release|x86.ActiveCfg = Release|Any CPU
		{29FAEAAA-157D-43C5-A1AA-6C26CA56F69A}.Release|x86.Build.0 = Release|Any CPU
		{E9D0BAC0-C7DC-4412-B332-ED0CBA64D170}.Debug|Any CPU.ActiveCfg = Debug|Any CPU
		{E9D0BAC0-C7DC-4412-B332-ED0CBA64D170}.Debug|Any CPU.Build.0 = Debug|Any CPU
		{E9D0BAC0-C7DC-4412-B332-ED0CBA64D170}.Debug|x64.ActiveCfg = Debug|Any CPU
		{E9D0BAC0-C7DC-4412-B332-ED0CBA64D170}.Debug|x64.Build.0 = Debug|Any CPU
		{E9D0BAC0-C7DC-4412-B332-ED0CBA64D170}.Debug|x86.ActiveCfg = Debug|Any CPU
		{E9D0BAC0-C7DC-4412-B332-ED0CBA64D170}.Debug|x86.Build.0 = Debug|Any CPU
		{E9D0BAC0-C7DC-4412-B332-ED0CBA64D170}.Release|Any CPU.ActiveCfg = Release|Any CPU
		{E9D0BAC0-C7DC-4412-B332-ED0CBA64D170}.Release|Any CPU.Build.0 = Release|Any CPU
		{E9D0BAC0-C7DC-4412-B332-ED0CBA64D170}.Release|x64.ActiveCfg = Release|Any CPU
		{E9D0BAC0-C7DC-4412-B332-ED0CBA64D170}.Release|x64.Build.0 = Release|Any CPU
		{E9D0BAC0-C7DC-4412-B332-ED0CBA64D170}.Release|x86.ActiveCfg = Release|Any CPU
		{E9D0BAC0-C7DC-4412-B332-ED0CBA64D170}.Release|x86.Build.0 = Release|Any CPU
		{B4E7CBD6-8EB7-4BD9-B90D-3EE146436848}.Debug|Any CPU.ActiveCfg = Debug|Any CPU
		{B4E7CBD6-8EB7-4BD9-B90D-3EE146436848}.Debug|Any CPU.Build.0 = Debug|Any CPU
		{B4E7CBD6-8EB7-4BD9-B90D-3EE146436848}.Debug|x64.ActiveCfg = Debug|Any CPU
		{B4E7CBD6-8EB7-4BD9-B90D-3EE146436848}.Debug|x64.Build.0 = Debug|Any CPU
		{B4E7CBD6-8EB7-4BD9-B90D-3EE146436848}.Debug|x86.ActiveCfg = Debug|Any CPU
		{B4E7CBD6-8EB7-4BD9-B90D-3EE146436848}.Debug|x86.Build.0 = Debug|Any CPU
		{B4E7CBD6-8EB7-4BD9-B90D-3EE146436848}.Release|Any CPU.ActiveCfg = Release|Any CPU
		{B4E7CBD6-8EB7-4BD9-B90D-3EE146436848}.Release|Any CPU.Build.0 = Release|Any CPU
		{B4E7CBD6-8EB7-4BD9-B90D-3EE146436848}.Release|x64.ActiveCfg = Release|Any CPU
		{B4E7CBD6-8EB7-4BD9-B90D-3EE146436848}.Release|x64.Build.0 = Release|Any CPU
		{B4E7CBD6-8EB7-4BD9-B90D-3EE146436848}.Release|x86.ActiveCfg = Release|Any CPU
		{B4E7CBD6-8EB7-4BD9-B90D-3EE146436848}.Release|x86.Build.0 = Release|Any CPU
		{A9A0CBBC-D668-44D0-AF11-27FEF898D8F2}.Debug|Any CPU.ActiveCfg = Debug|Any CPU
		{A9A0CBBC-D668-44D0-AF11-27FEF898D8F2}.Debug|Any CPU.Build.0 = Debug|Any CPU
		{A9A0CBBC-D668-44D0-AF11-27FEF898D8F2}.Debug|x64.ActiveCfg = Debug|Any CPU
		{A9A0CBBC-D668-44D0-AF11-27FEF898D8F2}.Debug|x64.Build.0 = Debug|Any CPU
		{A9A0CBBC-D668-44D0-AF11-27FEF898D8F2}.Debug|x86.ActiveCfg = Debug|Any CPU
		{A9A0CBBC-D668-44D0-AF11-27FEF898D8F2}.Debug|x86.Build.0 = Debug|Any CPU
		{A9A0CBBC-D668-44D0-AF11-27FEF898D8F2}.Release|Any CPU.ActiveCfg = Release|Any CPU
		{A9A0CBBC-D668-44D0-AF11-27FEF898D8F2}.Release|Any CPU.Build.0 = Release|Any CPU
		{A9A0CBBC-D668-44D0-AF11-27FEF898D8F2}.Release|x64.ActiveCfg = Release|Any CPU
		{A9A0CBBC-D668-44D0-AF11-27FEF898D8F2}.Release|x64.Build.0 = Release|Any CPU
		{A9A0CBBC-D668-44D0-AF11-27FEF898D8F2}.Release|x86.ActiveCfg = Release|Any CPU
		{A9A0CBBC-D668-44D0-AF11-27FEF898D8F2}.Release|x86.Build.0 = Release|Any CPU
		{B30618C1-864F-44AA-8D00-D3AC4F7B3506}.Debug|Any CPU.ActiveCfg = Debug|Any CPU
		{B30618C1-864F-44AA-8D00-D3AC4F7B3506}.Debug|Any CPU.Build.0 = Debug|Any CPU
		{B30618C1-864F-44AA-8D00-D3AC4F7B3506}.Debug|x64.ActiveCfg = Debug|Any CPU
		{B30618C1-864F-44AA-8D00-D3AC4F7B3506}.Debug|x64.Build.0 = Debug|Any CPU
		{B30618C1-864F-44AA-8D00-D3AC4F7B3506}.Debug|x86.ActiveCfg = Debug|Any CPU
		{B30618C1-864F-44AA-8D00-D3AC4F7B3506}.Debug|x86.Build.0 = Debug|Any CPU
		{B30618C1-864F-44AA-8D00-D3AC4F7B3506}.Release|Any CPU.ActiveCfg = Release|Any CPU
		{B30618C1-864F-44AA-8D00-D3AC4F7B3506}.Release|Any CPU.Build.0 = Release|Any CPU
		{B30618C1-864F-44AA-8D00-D3AC4F7B3506}.Release|x64.ActiveCfg = Release|Any CPU
		{B30618C1-864F-44AA-8D00-D3AC4F7B3506}.Release|x64.Build.0 = Release|Any CPU
		{B30618C1-864F-44AA-8D00-D3AC4F7B3506}.Release|x86.ActiveCfg = Release|Any CPU
		{B30618C1-864F-44AA-8D00-D3AC4F7B3506}.Release|x86.Build.0 = Release|Any CPU
		{459C184B-6598-486D-AE1B-9614DC6C658F}.Debug|Any CPU.ActiveCfg = Debug|Any CPU
		{459C184B-6598-486D-AE1B-9614DC6C658F}.Debug|Any CPU.Build.0 = Debug|Any CPU
		{459C184B-6598-486D-AE1B-9614DC6C658F}.Debug|x64.ActiveCfg = Debug|Any CPU
		{459C184B-6598-486D-AE1B-9614DC6C658F}.Debug|x64.Build.0 = Debug|Any CPU
		{459C184B-6598-486D-AE1B-9614DC6C658F}.Debug|x86.ActiveCfg = Debug|Any CPU
		{459C184B-6598-486D-AE1B-9614DC6C658F}.Debug|x86.Build.0 = Debug|Any CPU
		{459C184B-6598-486D-AE1B-9614DC6C658F}.Release|Any CPU.ActiveCfg = Release|Any CPU
		{459C184B-6598-486D-AE1B-9614DC6C658F}.Release|Any CPU.Build.0 = Release|Any CPU
		{459C184B-6598-486D-AE1B-9614DC6C658F}.Release|x64.ActiveCfg = Release|Any CPU
		{459C184B-6598-486D-AE1B-9614DC6C658F}.Release|x64.Build.0 = Release|Any CPU
		{459C184B-6598-486D-AE1B-9614DC6C658F}.Release|x86.ActiveCfg = Release|Any CPU
		{459C184B-6598-486D-AE1B-9614DC6C658F}.Release|x86.Build.0 = Release|Any CPU
		{D12012F2-55A8-4F5A-92EE-2F2724F7F9EC}.Debug|Any CPU.ActiveCfg = Debug|Any CPU
		{D12012F2-55A8-4F5A-92EE-2F2724F7F9EC}.Debug|Any CPU.Build.0 = Debug|Any CPU
		{D12012F2-55A8-4F5A-92EE-2F2724F7F9EC}.Debug|x64.ActiveCfg = Debug|Any CPU
		{D12012F2-55A8-4F5A-92EE-2F2724F7F9EC}.Debug|x64.Build.0 = Debug|Any CPU
		{D12012F2-55A8-4F5A-92EE-2F2724F7F9EC}.Debug|x86.ActiveCfg = Debug|Any CPU
		{D12012F2-55A8-4F5A-92EE-2F2724F7F9EC}.Debug|x86.Build.0 = Debug|Any CPU
		{D12012F2-55A8-4F5A-92EE-2F2724F7F9EC}.Release|Any CPU.ActiveCfg = Release|Any CPU
		{D12012F2-55A8-4F5A-92EE-2F2724F7F9EC}.Release|Any CPU.Build.0 = Release|Any CPU
		{D12012F2-55A8-4F5A-92EE-2F2724F7F9EC}.Release|x64.ActiveCfg = Release|Any CPU
		{D12012F2-55A8-4F5A-92EE-2F2724F7F9EC}.Release|x64.Build.0 = Release|Any CPU
		{D12012F2-55A8-4F5A-92EE-2F2724F7F9EC}.Release|x86.ActiveCfg = Release|Any CPU
		{D12012F2-55A8-4F5A-92EE-2F2724F7F9EC}.Release|x86.Build.0 = Release|Any CPU
		{3B2D70EA-C80F-4E5A-B594-4C18AD5C5921}.Debug|Any CPU.ActiveCfg = Debug|Any CPU
		{3B2D70EA-C80F-4E5A-B594-4C18AD5C5921}.Debug|Any CPU.Build.0 = Debug|Any CPU
		{3B2D70EA-C80F-4E5A-B594-4C18AD5C5921}.Debug|x64.ActiveCfg = Debug|Any CPU
		{3B2D70EA-C80F-4E5A-B594-4C18AD5C5921}.Debug|x64.Build.0 = Debug|Any CPU
		{3B2D70EA-C80F-4E5A-B594-4C18AD5C5921}.Debug|x86.ActiveCfg = Debug|Any CPU
		{3B2D70EA-C80F-4E5A-B594-4C18AD5C5921}.Debug|x86.Build.0 = Debug|Any CPU
		{3B2D70EA-C80F-4E5A-B594-4C18AD5C5921}.Release|Any CPU.ActiveCfg = Release|Any CPU
		{3B2D70EA-C80F-4E5A-B594-4C18AD5C5921}.Release|Any CPU.Build.0 = Release|Any CPU
		{3B2D70EA-C80F-4E5A-B594-4C18AD5C5921}.Release|x64.ActiveCfg = Release|Any CPU
		{3B2D70EA-C80F-4E5A-B594-4C18AD5C5921}.Release|x64.Build.0 = Release|Any CPU
		{3B2D70EA-C80F-4E5A-B594-4C18AD5C5921}.Release|x86.ActiveCfg = Release|Any CPU
		{3B2D70EA-C80F-4E5A-B594-4C18AD5C5921}.Release|x86.Build.0 = Release|Any CPU
	EndGlobalSection
	GlobalSection(SolutionProperties) = preSolution
		HideSolutionNode = FALSE
	EndGlobalSection
	GlobalSection(ExtensibilityGlobals) = postSolution
		SolutionGuid = {CD179075-A6A4-438E-97CD-691A12568DED}
	EndGlobalSection
EndGlobal
